
Microsoft Visual Studio Solution File, Format Version 12.00
# Visual Studio Version 16
VisualStudioVersion = 16.0.31402.337
MinimumVisualStudioVersion = 10.0.40219.1
Project("{FAE04EC0-301F-11D3-BF4B-00C04F79EFBC}") = "Cameshop", "CameShop\Cameshop.csproj", "{F6F8B5E3-FFEB-40C4-8AD9-24B8D37F2A0D}"
EndProject
Global
	GlobalSection(SolutionConfigurationPlatforms) = preSolution
		Debug|Any CPU = Debug|Any CPU
		Release|Any CPU = Release|Any CPU
	EndGlobalSection
	GlobalSection(ProjectConfigurationPlatforms) = postSolution
		{F6F8B5E3-FFEB-40C4-8AD9-24B8D37F2A0D}.Debug|Any CPU.ActiveCfg = Debug|Any CPU
		{F6F8B5E3-FFEB-40C4-8AD9-24B8D37F2A0D}.Debug|Any CPU.Build.0 = Debug|Any CPU
		{F6F8B5E3-FFEB-40C4-8AD9-24B8D37F2A0D}.Release|Any CPU.ActiveCfg = Release|Any CPU
		{F6F8B5E3-FFEB-40C4-8AD9-24B8D37F2A0D}.Release|Any CPU.Build.0 = Release|Any CPU
	EndGlobalSection
	GlobalSection(SolutionProperties) = preSolution
		HideSolutionNode = FALSE
	EndGlobalSection
	GlobalSection(ExtensibilityGlobals) = postSolution
		SolutionGuid = {BEFF1254-0812-4945-8CC5-A6FDD5C22AD0}
	EndGlobalSection
EndGlobal
